lockfileVersion: 5.4

specifiers:
  chalk: 4.1.2
  cheerio: 1.0.0-rc.12
  html-docx-js: ^0.3.1
  image-size: ^1.0.2
  lodash: ^4.17.21
  marked: ^4.3.0
  package: ^1.0.1
  rcfile: ^1.0.3

dependencies:
  chalk: 4.1.2
  cheerio: 1.0.0-rc.12
  html-docx-js: 0.3.1
  image-size: 1.0.2
  lodash: 4.17.21
  marked: 4.3.0
  package: 1.0.1
  rcfile: 1.0.3

packages:

  /ansi-styles/4.3.0:
    resolution: {integrity: sha512-zbB9rCJAT1rbjiVDb2hqKFHNYLxgtk8NURxZ3IZwD3F6NtxbXZQCnnSi1Lkx+IDohdPlFp222wVALIheZJQSEg==}
    engines: {node: '>=8'}
    dependencies:
      color-convert: 2.0.1
    dev: false

  /argparse/1.0.10:
    resolution: {integrity: sha512-o5Roy6tNG4SL/FOkCAN6RzjiakZS25RLYFrcMttJqbdd8BWrnA+fGz57iN5Pb06pvBGvl5gQ0B48dJlslXvoTg==}
    dependencies:
      sprintf-js: 1.0.3
    dev: false

  /boolbase/1.0.0:
    resolution: {integrity: sha1-aN/1++YMUes3cl6p4+0xDcwed24=}
    dev: false

  /caller-path/0.1.0:
    resolution: {integrity: sha1-lAhe9jWB7NPaqSREqP6U6CV3dR8=}
    engines: {node: '>=0.10.0'}
    dependencies:
      callsites: 0.2.0
    dev: false

  /callsites/0.2.0:
    resolution: {integrity: sha1-r6uWJikQp/M8GaV3WCXGnzTjUMo=}
    engines: {node: '>=0.10.0'}
    dev: false

  /chalk/4.1.2:
    resolution: {integrity: sha512-oKnbhFyRIXpUuez8iBMmyEa4nbj4IOQyuhc/wy9kY7/WVPcwIO9VA668Pu8RkO7+0G76SLROeyw9CpQ061i4mA==}
    engines: {node: '>=10'}
    dependencies:
      ansi-styles: 4.3.0
      supports-color: 7.2.0
    dev: false

  /cheerio-select/2.1.0:
    resolution: {integrity: sha512-9v9kG0LvzrlcungtnJtpGNxY+fzECQKhK4EGJX2vByejiMX84MFNQw4UxPJl3bFbTMw+Dfs37XaIkCwTZfLh4g==}
    dependencies:
      boolbase: 1.0.0
      css-select: 5.1.0
      css-what: 6.1.0
      domelementtype: 2.3.0
      domhandler: 5.0.3
      domutils: 3.0.1
    dev: false

  /cheerio/1.0.0-rc.12:
    resolution: {integrity: sha512-VqR8m68vM46BNnuZ5NtnGBKIE/DfN0cRIzg9n40EIq9NOv90ayxLBXA8fXC5gquFRGJSTRqBq25Jt2ECLR431Q==}
    engines: {node: '>= 6'}
    dependencies:
      cheerio-select: 2.1.0
      dom-serializer: 2.0.0
      domhandler: 5.0.3
      domutils: 3.0.1
      htmlparser2: 8.0.2
      parse5: 7.1.2
      parse5-htmlparser2-tree-adapter: 7.0.0
    dev: false

  /color-convert/2.0.1:
    resolution: {integrity: sha512-RRECPsj7iu/xb5oKYcsFHSppFNnsj/52OVTRKb4zP5onXwVF3zVmmToNcOfGC+CRDpfK/U584fMg38ZHCaElKQ==}
    engines: {node: '>=7.0.0'}
    dependencies:
      color-name: 1.1.4
    dev: false

  /color-name/1.1.4:
    resolution: {integrity: sha512-dOy+3AuW3a2wNbZHIuMZpTcgjGuLU/uBL/ubcZF9OXbDo8ff4O8yVp5Bf0efS8uEoYo5q4Fx7dY9OgQGXgAsQA==}
    dev: false

  /css-select/5.1.0:
    resolution: {integrity: sha512-nwoRF1rvRRnnCqqY7updORDsuqKzqYJ28+oSMaJMMgOauh3fvwHqMS7EZpIPqK8GL+g9mKxF1vP/ZjSeNjEVHg==}
    dependencies:
      boolbase: 1.0.0
      css-what: 6.1.0
      domhandler: 5.0.3
      domutils: 3.0.1
      nth-check: 2.1.1
    dev: false

  /css-what/6.1.0:
    resolution: {integrity: sha512-HTUrgRJ7r4dsZKU6GjmpfRK1O76h97Z8MfS1G0FozR+oF2kG6Vfe8JE6zwrkbxigziPHinCJ+gCPjA9EaBDtRw==}
    engines: {node: '>= 6'}
    dev: false

  /debug/2.6.9:
    resolution: {integrity: sha512-bC7ElrdJaJnPbAP+1EotYvqZsb3ecl5wi6Bfi6BJTUcNowp6cvspg0jXznRTKDjm/E7AdgFBVeAPVMNcKGsHMA==}
    peerDependencies:
      supports-color: '*'
    peerDependenciesMeta:
      supports-color:
        optional: true
    dependencies:
      ms: 2.0.0
    dev: false

  /dom-serializer/2.0.0:
    resolution: {integrity: sha512-wIkAryiqt/nV5EQKqQpo3SToSOV9J0DnbJqwK7Wv/Trc92zIAYZ4FlMu+JPFW1DfGFt81ZTCGgDEabffXeLyJg==}
    dependencies:
      domelementtype: 2.3.0
      domhandler: 5.0.3
      entities: 4.5.0
    dev: false

  /domelementtype/2.3.0:
    resolution: {integrity: sha512-OLETBj6w0OsagBwdXnPdN0cnMfF9opN69co+7ZrbfPGrdpPVNBUj02spi6B1N7wChLQiPn4CSH/zJvXw56gmHw==}
    dev: false

  /domhandler/5.0.3:
    resolution: {integrity: sha512-cgwlv/1iFQiFnU96XXgROh8xTeetsnJiDsTc7TYCLFd9+/WNkIqPTxiM/8pSd8VIrhXGTf1Ny1q1hquVqDJB5w==}
    engines: {node: '>= 4'}
    dependencies:
      domelementtype: 2.3.0
    dev: false

  /domutils/3.0.1:
    resolution: {integrity: sha512-z08c1l761iKhDFtfXO04C7kTdPBLi41zwOZl00WS8b5eiaebNpY00HKbztwBq+e3vyqWNwWF3mP9YLUeqIrF+Q==}
    dependencies:
      dom-serializer: 2.0.0
      domelementtype: 2.3.0
      domhandler: 5.0.3
    dev: false

  /entities/4.5.0:
    resolution: {integrity: sha512-V0hjH4dGPh9Ao5p0MoRY6BVqtwCjhz6vI5LT8AJ55H+4g9/4vbHx1I54fS0XuclLhDHArPQCiMjDxjaL8fPxhw==}
    engines: {node: '>=0.12'}
    dev: false

  /esprima/4.0.1:
    resolution: {integrity: sha512-eGuFFw7Upda+g4p+QHvnW0RyTX/SVeJBDM/gCtMARO0cLuT2HcEKnTPvhjV6aGeqrCB/sbNop0Kszm0jsaWU4A==}
    engines: {node: '>=4'}
    hasBin: true
    dev: false

  /has-flag/4.0.0:
    resolution: {integrity: sha512-EykJT/Q1KjTWctppgIAgfSO0tKVuZUjhgMr17kqTumMl6Afv3EISleU7qZUzoXDFTAHTDC4NOoG/ZxU3EvlMPQ==}
    engines: {node: '>=8'}
    dev: false

  /html-docx-js/0.3.1:
    resolution: {integrity: sha512-QSrMiRhxesqxYCa3f+2Z3ttIHPzSjDOL1tCOmIDIEET7HdabxXND6tAbsFMXAgRG4RADQ3wbl74ydMmjidaDPA==}
    dependencies:
      jszip: 2.7.0
      lodash.escape: 3.2.0
      lodash.merge: 3.3.2
    dev: false

  /htmlparser2/8.0.2:
    resolution: {integrity: sha512-GYdjWKDkbRLkZ5geuHs5NY1puJ+PXwP7+fHPRz06Eirsb9ugf6d8kkXav6ADhcODhFFPMIXyxkxSuMf3D6NCFA==}
    dependencies:
      domelementtype: 2.3.0
      domhandler: 5.0.3
      domutils: 3.0.1
      entities: 4.5.0
    dev: false

  /image-size/1.0.2:
    resolution: {integrity: sha512-xfOoWjceHntRb3qFCrh5ZFORYH8XCdYpASltMhZ/Q0KZiOwjdE/Yl2QCiWdwD+lygV5bMCvauzgu5PxBX/Yerg==}
    engines: {node: '>=14.0.0'}
    hasBin: true
    dependencies:
      queue: 6.0.2
    dev: false

  /inherits/2.0.4:
    resolution: {integrity: sha512-k/vGaX4/Yla3WzyMCvTQOXYeIHvqOKtnqBduzTHpzpQZzAskKMhZ2K+EnBiSM9zGSoIFeMpXKxa4dYeZIQqewQ==}
    dev: false

  /js-yaml/3.14.1:
    resolution: {integrity: sha512-okMH7OXXJ7YrN9Ok3/SXrnu4iX9yOk+25nqX4imS2npuvTYDmo/QEZoqwZkYaIDk3jVvBOTOIEgEhaLOynBS9g==}
    hasBin: true
    dependencies:
      argparse: 1.0.10
      esprima: 4.0.1
    dev: false

  /json5/0.5.1:
    resolution: {integrity: sha1-Hq3nrMASA0rYTiOWdn6tn6VJWCE=}
    hasBin: true
    dev: false

  /jszip/2.7.0:
    resolution: {integrity: sha512-JIsRKRVC3gTRo2vM4Wy9WBC3TRcfnIZU8k65Phi3izkvPH975FowRYtKGT6PxevA0XnJ/yO8b0QwV0ydVyQwfw==}
    dependencies:
      pako: 1.0.11
    dev: false

  /lodash._arraycopy/3.0.0:
    resolution: {integrity: sha1-due3wfH7klRzdIeKVi7Qaj5Q9uE=}
    dev: false

  /lodash._arrayeach/3.0.0:
    resolution: {integrity: sha1-urFWsqkNPxu9XGU0AzSeXlkz754=}
    dev: false

  /lodash._basecopy/3.0.1:
    resolution: {integrity: sha1-jaDmqHbPNEwK2KVIghEd08XHyjY=}
    dev: false

  /lodash._basefor/3.0.3:
    resolution: {integrity: sha1-dVC06SGO8J+tJDQ7YSAhx5tMIMI=}
    dev: false

  /lodash._bindcallback/3.0.1:
    resolution: {integrity: sha1-5THCdkTPi1epnhftlbNcdIeJOS4=}
    dev: false

  /lodash._createassigner/3.1.1:
    resolution: {integrity: sha1-g4pbri/aymOsIt7o4Z+k5taXCxE=}
    dependencies:
      lodash._bindcallback: 3.0.1
      lodash._isiterateecall: 3.0.9
      lodash.restparam: 3.6.1
    dev: false

  /lodash._getnative/3.9.1:
    resolution: {integrity: sha1-VwvH3t5G1hzc3mh9ZdPuy6o6r/U=}
    dev: false

  /lodash._isiterateecall/3.0.9:
    resolution: {integrity: sha1-UgOte6Ql+uhCRg5pbbnPPmqsBXw=}
    dev: false

  /lodash._root/3.0.1:
    resolution: {integrity: sha1-+6HEUkwZ7ppfgTa0YJ8BfPTe1pI=}
    dev: false

  /lodash.escape/3.2.0:
    resolution: {integrity: sha1-mV7g3BjBtIzJLv+ucaEKq1tIdpg=}
    dependencies:
      lodash._root: 3.0.1
    dev: false

  /lodash.isarguments/3.1.0:
    resolution: {integrity: sha1-L1c9hcaiQon/AGY7SRwdM4/zRYo=}
    dev: false

  /lodash.isarray/3.0.4:
    resolution: {integrity: sha1-eeTriMNqgSKvhvhEqpvNhRtfu1U=}
    dev: false

  /lodash.isplainobject/3.2.0:
    resolution: {integrity: sha1-moI4rhayAEMpYM1zRlEtASP79MU=}
    dependencies:
      lodash._basefor: 3.0.3
      lodash.isarguments: 3.1.0
      lodash.keysin: 3.0.8
    dev: false

  /lodash.istypedarray/3.0.6:
    resolution: {integrity: sha1-yaR3SYYHUB2OhJTSg7h8OSgc72I=}
    dev: false

  /lodash.keys/3.1.2:
    resolution: {integrity: sha1-TbwEcrFWvlCgsoaFXRvQsMZWCYo=}
    dependencies:
      lodash._getnative: 3.9.1
      lodash.isarguments: 3.1.0
      lodash.isarray: 3.0.4
    dev: false

  /lodash.keysin/3.0.8:
    resolution: {integrity: sha1-IsRJPrvtsUJ5YqVLRFssinZ/tH8=}
    dependencies:
      lodash.isarguments: 3.1.0
      lodash.isarray: 3.0.4
    dev: false

  /lodash.merge/3.3.2:
    resolution: {integrity: sha1-DZDZPtY3sYeEN7s+IWASYNev6ZQ=}
    dependencies:
      lodash._arraycopy: 3.0.0
      lodash._arrayeach: 3.0.0
      lodash._createassigner: 3.1.1
      lodash._getnative: 3.9.1
      lodash.isarguments: 3.1.0
      lodash.isarray: 3.0.4
      lodash.isplainobject: 3.2.0
      lodash.istypedarray: 3.0.6
      lodash.keys: 3.1.2
      lodash.keysin: 3.0.8
      lodash.toplainobject: 3.0.0
    dev: false

  /lodash.restparam/3.6.1:
    resolution: {integrity: sha1-k2pOMJ7zMKdkXtQUWYbIWuWyCAU=}
    dev: false

  /lodash.toplainobject/3.0.0:
    resolution: {integrity: sha1-KHkK2ULSk9eKpmOgfs9/UsoEGY0=}
    dependencies:
      lodash._basecopy: 3.0.1
      lodash.keysin: 3.0.8
    dev: false

  /lodash/4.17.21:
    resolution: {integrity: sha512-v2kDEe57lecTulaDIuNTPy3Ry4gLGJ6Z1O3vE1krgXZNrsQ+LFTGHVxVjcXPs17LhbZVGedAJv8XZ1tvj5FvSg==}
    dev: false

  /marked/4.3.0:
    resolution: {integrity: sha512-PRsaiG84bK+AMvxziE/lCFss8juXjNaWzVbN5tXAm4XjeaS9NAHhop+PjQxz2A9h8Q4M/xGmzP8vqNwy6JeK0A==}
    engines: {node: '>= 12'}
    hasBin: true
    dev: false

  /ms/2.0.0:
    resolution: {integrity: sha1-VgiurfwAvmwpAd9fmGF4jeDVl8g=}
    dev: false

  /nth-check/2.1.1:
    resolution: {integrity: sha512-lqjrjmaOoAnWfMmBPL+XNnynZh2+swxiX3WUE0s4yEHI6m+AwrK2UZOimIRl3X/4QctVqS8AiZjFqyOGrMXb/w==}
    dependencies:
      boolbase: 1.0.0
    dev: false

  /object-assign/4.1.1:
    resolution: {integrity: sha1-IQmtx5ZYh8/AXLvUQsrIv7s2CGM=}
    engines: {node: '>=0.10.0'}
    dev: false

  /object-keys/1.1.1:
    resolution: {integrity: sha512-NuAESUOUMrlIXOfHKzD6bpPu3tYt3xvjNdRIQ+FeT0lNb4K8WR70CaDxhuNguS2XG+GjkyMwOzsN5ZktImfhLA==}
    engines: {node: '>= 0.4'}
    dev: false

  /package/1.0.1:
    resolution: {integrity: sha1-0lofmeJQbcsn1nBLg9yooxLk7cw=}
    engines: {node: '>= 0.6.0'}
    dev: false

  /pako/1.0.11:
    resolution: {integrity: sha512-4hLB8Py4zZce5s4yd9XzopqwVv/yGNhV1Bl8NTmCq1763HeK2+EwVTv+leGeL13Dnh2wfbqowVPXCIO0z4taYw==}
    dev: false

  /parse5-htmlparser2-tree-adapter/7.0.0:
    resolution: {integrity: sha512-B77tOZrqqfUfnVcOrUvfdLbz4pu4RopLD/4vmu3HUPswwTA8OH0EMW9BlWR2B0RCoiZRAHEUu7IxeP1Pd1UU+g==}
    dependencies:
      domhandler: 5.0.3
      parse5: 7.1.2
    dev: false

  /parse5/7.1.2:
    resolution: {integrity: sha512-Czj1WaSVpaoj0wbhMzLmWD69anp2WH7FXMB9n1Sy8/ZFF9jolSQVMu1Ij5WIyGmcBmhk7EOndpO4mIpihVqAXw==}
    dependencies:
      entities: 4.5.0
    dev: false

  /path-exists/2.1.0:
    resolution: {integrity: sha1-D+tsZPD8UY2adU3V77YscCJ2H0s=}
    engines: {node: '>=0.10.0'}
    dependencies:
      pinkie-promise: 2.0.1
    dev: false

  /pinkie-promise/2.0.1:
    resolution: {integrity: sha1-ITXW36ejWMBprJsXh3YogihFD/o=}
    engines: {node: '>=0.10.0'}
    dependencies:
      pinkie: 2.0.4
    dev: false

  /pinkie/2.0.4:
    resolution: {integrity: sha1-clVrgM+g1IqXToDnckjoDtT3+HA=}
    engines: {node: '>=0.10.0'}
    dev: false

  /queue/6.0.2:
    resolution: {integrity: sha512-iHZWu+q3IdFZFX36ro/lKBkSvfkztY5Y7HMiPlOUjhupPcG2JMfst2KKEpu5XndviX/3UhFbRngUPNKtgvtZiA==}
    dependencies:
      inherits: 2.0.4
    dev: false

  /rcfile/1.0.3:
    resolution: {integrity: sha1-wdgXXCiRh8Hci7OpY7bURAF7FXY=}
    engines: {node: '>=0.10'}
    dependencies:
      debug: 2.6.9
      js-yaml: 3.14.1
      json5: 0.5.1
      object-assign: 4.1.1
      object-keys: 1.1.1
      path-exists: 2.1.0
      require-uncached: 1.0.3
    transitivePeerDependencies:
      - supports-color
    dev: false

  /require-uncached/1.0.3:
    resolution: {integrity: sha1-Tg1W1slmL9MeQwEcS5WqSZVUIdM=}
    engines: {node: '>=0.10.0'}
    dependencies:
      caller-path: 0.1.0
      resolve-from: 1.0.1
    dev: false

  /resolve-from/1.0.1:
    resolution: {integrity: sha1-Jsv+k10a7uq7Kbw/5a6wHpPUQiY=}
    engines: {node: '>=0.10.0'}
    dev: false

  /sprintf-js/1.0.3:
    resolution: {integrity: sha1-BOaSb2YolTVPPdAVIDYzuFcpfiw=}
    dev: false

  /supports-color/7.2.0:
    resolution: {integrity: sha512-qpCAvRl9stuOHveKsn7HncJRvv501qIacKzQlO/+Lwxc9+0q2wLyv4Dfvt80/DPn2pqOBsJdDiogXGR9+OvwRw==}
    engines: {node: '>=8'}
    dependencies:
      has-flag: 4.0.0
    dev: false
